
Microsoft Visual Studio Solution File, Format Version 12.00
# Visual Studio 15
VisualStudioVersion = 15.0.28307.489
MinimumVisualStudioVersion = 10.0.40219.1
Project("{9A19103F-16F7-4668-BE54-9A1E7A4F7556}") = "Ataraxia.Tools.Storage.Tests", "Ataraxia.Tools.Storage.Tests\Ataraxia.Tools.Storage.Tests.csproj", "{CE7DB09D-9ED4-476E-BF19-421164F91551}"
EndProject
Project("{9A19103F-16F7-4668-BE54-9A1E7A4F7556}") = "Ataraxia.Tools.Storage", "Ataraxia.Tools.Storage\Ataraxia.Tools.Storage.csproj", "{43EC0AB3-84D7-47C9-8648-8447CBA5F72D}"
EndProject
Project("{FAE04EC0-301F-11D3-BF4B-00C04F79EFBC}") = "Ataraxia.Tools.Storage.S3", "Ataraxia.Tools.Storage.S3\Ataraxia.Tools.Storage.S3.csproj", "{C0478103-71BF-41C0-8B72-477995C434F2}"
EndProject
Global
	GlobalSection(SolutionConfigurationPlatforms) = preSolution
		Debug|Any CPU = Debug|Any CPU
		Release|Any CPU = Release|Any CPU
	EndGlobalSection
	GlobalSection(ProjectConfigurationPlatforms) = postSolution
		{CE7DB09D-9ED4-476E-BF19-421164F91551}.Debug|Any CPU.ActiveCfg = Debug|Any CPU
		{CE7DB09D-9ED4-476E-BF19-421164F91551}.Debug|Any CPU.Build.0 = Debug|Any CPU
		{CE7DB09D-9ED4-476E-BF19-421164F91551}.Release|Any CPU.ActiveCfg = Release|Any CPU
		{CE7DB09D-9ED4-476E-BF19-421164F91551}.Release|Any CPU.Build.0 = Release|Any CPU
		{43EC0AB3-84D7-47C9-8648-8447CBA5F72D}.Debug|Any CPU.ActiveCfg = Debug|Any CPU
		{43EC0AB3-84D7-47C9-8648-8447CBA5F72D}.Debug|Any CPU.Build.0 = Debug|Any CPU
		{43EC0AB3-84D7-47C9-8648-8447CBA5F72D}.Release|Any CPU.ActiveCfg = Release|Any CPU
		{43EC0AB3-84D7-47C9-8648-8447CBA5F72D}.Release|Any CPU.Build.0 = Release|Any CPU
		{C0478103-71BF-41C0-8B72-477995C434F2}.Debug|Any CPU.ActiveCfg = Debug|Any CPU
		{C0478103-71BF-41C0-8B72-477995C434F2}.Debug|Any CPU.Build.0 = Debug|Any CPU
		{C0478103-71BF-41C0-8B72-477995C434F2}.Release|Any CPU.ActiveCfg = Release|Any CPU
		{C0478103-71BF-41C0-8B72-477995C434F2}.Release|Any CPU.Build.0 = Release|Any CPU
	EndGlobalSection
	GlobalSection(SolutionProperties) = preSolution
		HideSolutionNode = FALSE
	EndGlobalSection
	GlobalSection(ExtensibilityGlobals) = postSolution
		SolutionGuid = {49A2A8E8-009A-4B3C-9312-01C6F6AAF88A}
	EndGlobalSection
EndGlobal
